
Microsoft Visual Studio Solution File, Format Version 12.00
# Visual Studio Version 17
VisualStudioVersion = 17.9.34728.123
MinimumVisualStudioVersion = 10.0.40219.1
Project("{9A19103F-16F7-4668-BE54-9A1E7A4F7556}") = "ConsoleApp", "ConsoleApp\ConsoleApp.csproj", "{B4036B3F-216C-4D04-8A55-ADB8565A72E1}"
EndProject
Project("{FAE04EC0-301F-11D3-BF4B-00C04F79EFBC}") = "OpenAPITools", "OpenAPITools\OpenAPITools.csproj", "{B370940E-F9E2-433B-BC21-0F2146A8D993}"
EndProject
Project("{FAE04EC0-301F-11D3-BF4B-00C04F79EFBC}") = "OpenAPITools.Tests", "OpenAPITools.Tests\OpenAPITools.Tests.csproj", "{8D8A03EE-A1B7-4BDD-9472-0A39855ACD88}"
EndProject
Global
	GlobalSection(SolutionConfigurationPlatforms) = preSolution
		Debug|Any CPU = Debug|Any CPU
		Release|Any CPU = Release|Any CPU
	EndGlobalSection
	GlobalSection(ProjectConfigurationPlatforms) = postSolution
		{B4036B3F-216C-4D04-8A55-ADB8565A72E1}.Debug|Any CPU.ActiveCfg = Debug|Any CPU
		{B4036B3F-216C-4D04-8A55-ADB8565A72E1}.Debug|Any CPU.Build.0 = Debug|Any CPU
		{B4036B3F-216C-4D04-8A55-ADB8565A72E1}.Release|Any CPU.ActiveCfg = Release|Any CPU
		{B4036B3F-216C-4D04-8A55-ADB8565A72E1}.Release|Any CPU.Build.0 = Release|Any CPU
		{B370940E-F9E2-433B-BC21-0F2146A8D993}.Debug|Any CPU.ActiveCfg = Debug|Any CPU
		{B370940E-F9E2-433B-BC21-0F2146A8D993}.Debug|Any CPU.Build.0 = Debug|Any CPU
		{B370940E-F9E2-433B-BC21-0F2146A8D993}.Release|Any CPU.ActiveCfg = Release|Any CPU
		{B370940E-F9E2-433B-BC21-0F2146A8D993}.Release|Any CPU.Build.0 = Release|Any CPU
		{8D8A03EE-A1B7-4BDD-9472-0A39855ACD88}.Debug|Any CPU.ActiveCfg = Debug|Any CPU
		{8D8A03EE-A1B7-4BDD-9472-0A39855ACD88}.Debug|Any CPU.Build.0 = Debug|Any CPU
		{8D8A03EE-A1B7-4BDD-9472-0A39855ACD88}.Release|Any CPU.ActiveCfg = Release|Any CPU
		{8D8A03EE-A1B7-4BDD-9472-0A39855ACD88}.Release|Any CPU.Build.0 = Release|Any CPU
	EndGlobalSection
	GlobalSection(SolutionProperties) = preSolution
		HideSolutionNode = FALSE
	EndGlobalSection
	GlobalSection(ExtensibilityGlobals) = postSolution
		SolutionGuid = {5A477AF7-78A5-4868-BE2C-609DDE6FDDD3}
	EndGlobalSection
EndGlobal
